
Microsoft Visual Studio Solution File, Format Version 12.00
# Visual Studio Version 17
VisualStudioVersion = 17.2.32210.308
MinimumVisualStudioVersion = 10.0.40219.1
Project("{9A19103F-16F7-4668-BE54-9A1E7A4F7556}") = "GetAnswerApp.Api", "GetAnswerApp.Api\GetAnswerApp.Api.csproj", "{F07A04F0-C908-4DA7-A458-AD7E4824FAF2}"
EndProject
Project("{FAE04EC0-301F-11D3-BF4B-00C04F79EFBC}") = "GetAnswerApp.DAL", "GetAnswerApp.DAL\GetAnswerApp.DAL.csproj", "{451E7D15-F2DA-425F-8815-FC6BD0739504}"
EndProject
Project("{FAE04EC0-301F-11D3-BF4B-00C04F79EFBC}") = "GetAnswerApp.Core", "GetAnswerApp.Core\GetAnswerApp.Core.csproj", "{9ABDB835-D28A-4450-B479-4BEEDDC5C704}"
EndProject
Project("{FAE04EC0-301F-11D3-BF4B-00C04F79EFBC}") = "GetAnswerApp.BusinessLogic", "GetAnswerApp.BusinessLogic\GetAnswerApp.BusinessLogic.csproj", "{620B3153-032C-4BCF-B2C3-23EE1407AA17}"
EndProject
Global
	GlobalSection(SolutionConfigurationPlatforms) = preSolution
		Debug|Any CPU = Debug|Any CPU
		Release|Any CPU = Release|Any CPU
	EndGlobalSection
	GlobalSection(ProjectConfigurationPlatforms) = postSolution
		{F07A04F0-C908-4DA7-A458-AD7E4824FAF2}.Debug|Any CPU.ActiveCfg = Debug|Any CPU
		{F07A04F0-C908-4DA7-A458-AD7E4824FAF2}.Debug|Any CPU.Build.0 = Debug|Any CPU
		{F07A04F0-C908-4DA7-A458-AD7E4824FAF2}.Release|Any CPU.ActiveCfg = Release|Any CPU
		{F07A04F0-C908-4DA7-A458-AD7E4824FAF2}.Release|Any CPU.Build.0 = Release|Any CPU
		{451E7D15-F2DA-425F-8815-FC6BD0739504}.Debug|Any CPU.ActiveCfg = Debug|Any CPU
		{451E7D15-F2DA-425F-8815-FC6BD0739504}.Debug|Any CPU.Build.0 = Debug|Any CPU
		{451E7D15-F2DA-425F-8815-FC6BD0739504}.Release|Any CPU.ActiveCfg = Release|Any CPU
		{451E7D15-F2DA-425F-8815-FC6BD0739504}.Release|Any CPU.Build.0 = Release|Any CPU
		{9ABDB835-D28A-4450-B479-4BEEDDC5C704}.Debug|Any CPU.ActiveCfg = Debug|Any CPU
		{9ABDB835-D28A-4450-B479-4BEEDDC5C704}.Debug|Any CPU.Build.0 = Debug|Any CPU
		{9ABDB835-D28A-4450-B479-4BEEDDC5C704}.Release|Any CPU.ActiveCfg = Release|Any CPU
		{9ABDB835-D28A-4450-B479-4BEEDDC5C704}.Release|Any CPU.Build.0 = Release|Any CPU
		{620B3153-032C-4BCF-B2C3-23EE1407AA17}.Debug|Any CPU.ActiveCfg = Debug|Any CPU
		{620B3153-032C-4BCF-B2C3-23EE1407AA17}.Debug|Any CPU.Build.0 = Debug|Any CPU
		{620B3153-032C-4BCF-B2C3-23EE1407AA17}.Release|Any CPU.ActiveCfg = Release|Any CPU
		{620B3153-032C-4BCF-B2C3-23EE1407AA17}.Release|Any CPU.Build.0 = Release|Any CPU
	EndGlobalSection
	GlobalSection(SolutionProperties) = preSolution
		HideSolutionNode = FALSE
	EndGlobalSection
	GlobalSection(ExtensibilityGlobals) = postSolution
		SolutionGuid = {96EA3078-56D6-4D0E-AAFA-C5153F7B5C81}
	EndGlobalSection
EndGlobal
